
Microsoft Visual Studio Solution File, Format Version 12.00
Project("{FAE04EC0-301F-11D3-BF4B-00C04F79EFBC}") = "ZTM.API", "ZTM.API\ZTM.API.csproj", "{2AC05C4A-21C0-4E3C-B10F-A80E8FB007CC}"
EndProject
Project("{FAE04EC0-301F-11D3-BF4B-00C04F79EFBC}") = "ZTM.CORE", "ZTM.CORE\ZTM.CORE.csproj", "{04CC9F9C-9F98-4729-A33B-1013F9235B5B}"
EndProject
Project("{FAE04EC0-301F-11D3-BF4B-00C04F79EFBC}") = "ZTM.Tests", "ZTM.Tests\ZTM.Tests.csproj", "{8990E976-77C5-49E3-970C-C0241E7AB5D6}"
EndProject
Project("{FAE04EC0-301F-11D3-BF4B-00C04F79EFBC}") = "ZTM.Infrastructure", "ZTM.Infrastructure\ZTM.Infrastructure.csproj", "{4B3BEF73-D12F-4C65-99AA-8F3AF77579F4}"
EndProject
Global
	GlobalSection(SolutionConfigurationPlatforms) = preSolution
		Debug|Any CPU = Debug|Any CPU
		Release|Any CPU = Release|Any CPU
	EndGlobalSection
	GlobalSection(ProjectConfigurationPlatforms) = postSolution
		{2AC05C4A-21C0-4E3C-B10F-A80E8FB007CC}.Debug|Any CPU.ActiveCfg = Debug|Any CPU
		{2AC05C4A-21C0-4E3C-B10F-A80E8FB007CC}.Debug|Any CPU.Build.0 = Debug|Any CPU
		{2AC05C4A-21C0-4E3C-B10F-A80E8FB007CC}.Release|Any CPU.ActiveCfg = Release|Any CPU
		{2AC05C4A-21C0-4E3C-B10F-A80E8FB007CC}.Release|Any CPU.Build.0 = Release|Any CPU
		{04CC9F9C-9F98-4729-A33B-1013F9235B5B}.Debug|Any CPU.ActiveCfg = Debug|Any CPU
		{04CC9F9C-9F98-4729-A33B-1013F9235B5B}.Debug|Any CPU.Build.0 = Debug|Any CPU
		{04CC9F9C-9F98-4729-A33B-1013F9235B5B}.Release|Any CPU.ActiveCfg = Release|Any CPU
		{04CC9F9C-9F98-4729-A33B-1013F9235B5B}.Release|Any CPU.Build.0 = Release|Any CPU
		{8990E976-77C5-49E3-970C-C0241E7AB5D6}.Debug|Any CPU.ActiveCfg = Debug|Any CPU
		{8990E976-77C5-49E3-970C-C0241E7AB5D6}.Debug|Any CPU.Build.0 = Debug|Any CPU
		{8990E976-77C5-49E3-970C-C0241E7AB5D6}.Release|Any CPU.ActiveCfg = Release|Any CPU
		{8990E976-77C5-49E3-970C-C0241E7AB5D6}.Release|Any CPU.Build.0 = Release|Any CPU
		{4B3BEF73-D12F-4C65-99AA-8F3AF77579F4}.Debug|Any CPU.ActiveCfg = Debug|Any CPU
		{4B3BEF73-D12F-4C65-99AA-8F3AF77579F4}.Debug|Any CPU.Build.0 = Debug|Any CPU
		{4B3BEF73-D12F-4C65-99AA-8F3AF77579F4}.Release|Any CPU.ActiveCfg = Release|Any CPU
		{4B3BEF73-D12F-4C65-99AA-8F3AF77579F4}.Release|Any CPU.Build.0 = Release|Any CPU
	EndGlobalSection
EndGlobal
